
Microsoft Visual Studio Solution File, Format Version 12.00
# Visual Studio Version 17
VisualStudioVersion = 17.5.002.0
MinimumVisualStudioVersion = 10.0.40219.1
Project("{9A19103F-16F7-4668-BE54-9A1E7A4F7556}") = "Project_MVC_HotelStay", "Project_MVC_HotelStay.csproj", "{C74A2E15-7238-4B31-9E5A-0938B70B50A9}"
EndProject
Global
	GlobalSection(SolutionConfigurationPlatforms) = preSolution
		Debug|Any CPU = Debug|Any CPU
		Release|Any CPU = Release|Any CPU
	EndGlobalSection
	GlobalSection(ProjectConfigurationPlatforms) = postSolution
		{C74A2E15-7238-4B31-9E5A-0938B70B50A9}.Debug|Any CPU.ActiveCfg = Debug|Any CPU
		{C74A2E15-7238-4B31-9E5A-0938B70B50A9}.Debug|Any CPU.Build.0 = Debug|Any CPU
		{C74A2E15-7238-4B31-9E5A-0938B70B50A9}.Release|Any CPU.ActiveCfg = Release|Any CPU
		{C74A2E15-7238-4B31-9E5A-0938B70B50A9}.Release|Any CPU.Build.0 = Release|Any CPU
	EndGlobalSection
	GlobalSection(SolutionProperties) = preSolution
		HideSolutionNode = FALSE
	EndGlobalSection
	GlobalSection(ExtensibilityGlobals) = postSolution
		SolutionGuid = {E86DA773-8F3B-466E-BD2C-4D76BE380EB8}
	EndGlobalSection
EndGlobal
