
Microsoft Visual Studio Solution File, Format Version 12.00
# Visual Studio Version 17
VisualStudioVersion = 17.5.001.0
MinimumVisualStudioVersion = 10.0.40219.1
Project("{9A19103F-16F7-4668-BE54-9A1E7A4F7556}") = "LessonTOP6_IF", "LessonTOP6_IF\LessonTOP6_IF.csproj", "{FA3F0663-8CBD-49D9-B8C6-65CC76062D56}"
EndProject
Project("{9A19103F-16F7-4668-BE54-9A1E7A4F7556}") = "LessonTOP14_GAME", "LessonTOP14_GAME\LessonTOP14_GAME.csproj", "{C8665E0D-B20A-4439-87CA-A3FFDA43FEBA}"
EndProject
Project("{9A19103F-16F7-4668-BE54-9A1E7A4F7556}") = "LessonTOP17_ARRAY3", "LessonTOP17_ARRAY3\LessonTOP17_ARRAY3.csproj", "{FCA41000-868F-4543-AD72-1932BAF85BBC}"
EndProject
Project("{9A19103F-16F7-4668-BE54-9A1E7A4F7556}") = "LessonTOP9_CURRENCY", "LessonTOP9_CURRENCY\LessonTOP9_CURRENCY.csproj", "{7E8E6ADC-70A2-4A90-85A8-E83BA973D74D}"
EndProject
Project("{9A19103F-16F7-4668-BE54-9A1E7A4F7556}") = "LessonTOP19_TWO-DIMENSIONAL_ARRAY", "LessonTOP19_TWO-DIMENSIONAL_ARRAY\LessonTOP19_TWO-DIMENSIONAL_ARRAY.csproj", "{04441DC4-0242-43CE-AE39-0D4108354CF4}"
EndProject
Project("{9A19103F-16F7-4668-BE54-9A1E7A4F7556}") = "LessonTOP25_PACKMAN", "LessonTOP25_PACKMAN\LessonTOP25_PACKMAN.csproj", "{495EB961-606B-40F0-8FAF-7F3C420DE672}"
EndProject
Project("{9A19103F-16F7-4668-BE54-9A1E7A4F7556}") = "LessonTOP3", "LessonTOP3_READ\LessonTOP3.csproj", "{D7BCDFE9-5D10-4E85-ACEC-C5A90AA55D7D}"
EndProject
Project("{9A19103F-16F7-4668-BE54-9A1E7A4F7556}") = "LessonTOP12_GAME", "LessonTOP12_GAME\LessonTOP12_GAME.csproj", "{9D4B4B7E-1206-464A-9619-C642DCB5DCA7}"
EndProject
Project("{9A19103F-16F7-4668-BE54-9A1E7A4F7556}") = "LessonTOP35_GETER_SETTER", "LessonTOP35_GETER_SETTER\LessonTOP35_GETER_SETTER.csproj", "{F6538E94-2823-4012-8394-98542B663F43}"
EndProject
Project("{9A19103F-16F7-4668-BE54-9A1E7A4F7556}") = "LessonTOP27_COLLECTION_QUEUE", "LessonTOP27_COLLECTION_QUEUE\LessonTOP27_COLLECTION_QUEUE.csproj", "{9912AFE7-D964-4DA3-8835-4477DA683590}"
EndProject
Project("{9A19103F-16F7-4668-BE54-9A1E7A4F7556}") = "LessonTOP30_OOP", "LessonTOP30_OOP\LessonTOP30_OOP.csproj", "{0BE7B2B0-8E04-4408-903F-F569043C47E9}"
EndProject
Project("{9A19103F-16F7-4668-BE54-9A1E7A4F7556}") = "LessonTOP20_BOOKS", "LessonTOP20_BOOKS\LessonTOP20_BOOKS.csproj", "{E57E1962-F86C-4D10-80A0-006B74370C8D}"
EndProject
Project("{9A19103F-16F7-4668-BE54-9A1E7A4F7556}") = "LessonTOP29_COLLECTION_DICTIONARY", "LessonTOP29_COLLECTION_DICTIONARY\LessonTOP29_COLLECTION_DICTIONARY.csproj", "{4F915500-EDE7-4679-A6FB-FC3501689F49}"
EndProject
Project("{9A19103F-16F7-4668-BE54-9A1E7A4F7556}") = "LessonTOP26_COLLECTIONS", "LessonTOP26_COLLECTION_LIST\LessonTOP26_COLLECTIONS.csproj", "{203628F4-F691-4687-8B97-C0572060795D}"
EndProject
Project("{9A19103F-16F7-4668-BE54-9A1E7A4F7556}") = "LessonTOP22_FUNCTION", "LessonTOP22_FUNCTION\LessonTOP22_FUNCTION.csproj", "{2BD88AAD-E6F7-42F4-94DE-A5A06CCD04C3}"
EndProject
Project("{9A19103F-16F7-4668-BE54-9A1E7A4F7556}") = "Lesson", "LessonTOP\Lesson.csproj", "{CB534FCF-61E9-4F03-A4C3-A5ABBAC04792}"
EndProject
Project("{9A19103F-16F7-4668-BE54-9A1E7A4F7556}") = "LessonTOP2", "LessonTOP2_WRITE\LessonTOP2.csproj", "{7601CF16-EAB2-44D1-BEA5-894CAF46CC54}"
EndProject
Project("{9A19103F-16F7-4668-BE54-9A1E7A4F7556}") = "LessonTOP32_OOP", "LessonTOP32_OOP\LessonTOP32_OOP.csproj", "{7F1936FD-F530-4A6D-B7C5-F01A6873797B}"
EndProject
Project("{9A19103F-16F7-4668-BE54-9A1E7A4F7556}") = "LessonTOP5_SHOP", "LessonTOP5_SHOP\LessonTOP5_SHOP.csproj", "{B4A35DA6-BE1B-4205-9E90-CA8BA3DCD7EE}"
EndProject
Project("{9A19103F-16F7-4668-BE54-9A1E7A4F7556}") = "LessonTOP18_ARRAY4", "LessonTOP18_ARRAY4\LessonTOP18_ARRAY4.csproj", "{1C3404AD-33B5-43A6-8E82-636AA220B811}"
EndProject
Project("{9A19103F-16F7-4668-BE54-9A1E7A4F7556}") = "LessonTOP13_RANDOM", "LessonTOP13_RANDOM\LessonTOP13_RANDOM.csproj", "{86FC49A5-A39C-45AE-840F-439109F6965E}"
EndProject
Project("{9A19103F-16F7-4668-BE54-9A1E7A4F7556}") = "LessonTOP31_OOP", "LessonTOP31_OOP\LessonTOP31_OOP.csproj", "{5AB108D4-853F-4E3C-B689-14FA69EDFF0B}"
EndProject
Project("{9A19103F-16F7-4668-BE54-9A1E7A4F7556}") = "LessonTOP24_HEALTHBAR", "LessonTOP24_HEALTHBAR\LessonTOP24_HEALTHBAR.csproj", "{A4C9EAA4-8A56-466D-BEA2-6FB0E1B6CB0B}"
EndProject
Project("{9A19103F-16F7-4668-BE54-9A1E7A4F7556}") = "LessonTOP4-INCREMENT", "LessonTOP4_INCREMENT\LessonTOP4-INCREMENT.csproj", "{99256675-7B68-4EAD-93F1-740483B536A9}"
EndProject
Project("{9A19103F-16F7-4668-BE54-9A1E7A4F7556}") = "Lesson2", "Lesson2\Lesson2.csproj", "{67594BE0-B4B4-4651-A7F3-41F580FF3AE5}"
EndProject
Project("{9A19103F-16F7-4668-BE54-9A1E7A4F7556}") = "LessonTOP7_OR", "LessonTOP7_OR\LessonTOP7_OR.csproj", "{AC636240-FE63-40F4-9C71-0AE35178488C}"
EndProject
Project("{9A19103F-16F7-4668-BE54-9A1E7A4F7556}") = "LessonTOP23_FUNCTION", "LessonTOP23_FUNCTION\LessonTOP23_FUNCTION.csproj", "{3B60A91C-E5B9-42E0-B731-54C94AE0BCC4}"
EndProject
Project("{9A19103F-16F7-4668-BE54-9A1E7A4F7556}") = "LessonTOP34_OOP_IS-A", "LessonTOP34_OOP_IS-A\LessonTOP34_OOP_IS-A.csproj", "{159AFCA1-7BA2-4BD8-BFA0-EFF0E2DA42DD}"
EndProject
Project("{9A19103F-16F7-4668-BE54-9A1E7A4F7556}") = "LessonTOP10_PASSWORD", "LessonTOP10_PASSWORD\LessonTOP10_PASSWORD.csproj", "{B6671725-0832-41C0-A032-5A8A7120919C}"
EndProject
Project("{9A19103F-16F7-4668-BE54-9A1E7A4F7556}") = "LessonTOP36_Getters_setters", "LessonTOP36_Getters_setters\LessonTOP36_Getters_setters.csproj", "{11D7B7D8-C905-4227-B064-DE2CD7F90E69}"
EndProject
Project("{9A19103F-16F7-4668-BE54-9A1E7A4F7556}") = "LessonTOP8_PASSWORD", "LessonTOP8_PASSWORD\LessonTOP8_PASSWORD.csproj", "{E0DE550C-F77A-4A2C-8BD4-5483F16BCBEC}"
EndProject
Project("{9A19103F-16F7-4668-BE54-9A1E7A4F7556}") = "LessonTOP33_OOP_HAS-A", "LessonTOP33_OOP_HAS-A\LessonTOP33_OOP_HAS-A.csproj", "{6281C56C-5269-40A5-8FD3-BDA8FC1DFD8C}"
EndProject
Project("{9A19103F-16F7-4668-BE54-9A1E7A4F7556}") = "C_Sharp", "Lesson1\C_Sharp.csproj", "{C2F1BCE2-8111-4759-8399-7A7398129FE2}"
EndProject
Project("{9A19103F-16F7-4668-BE54-9A1E7A4F7556}") = "LessonTOP21_STRING", "LessonTOP21_STRING\LessonTOP21_STRING.csproj", "{4169A67E-11B8-4EB7-98D3-DCF164874F51}"
EndProject
Project("{9A19103F-16F7-4668-BE54-9A1E7A4F7556}") = "LessonTOP11_BANK", "LessonTOP11_BANK\LessonTOP11_BANK.csproj", "{909F5948-D24A-4A4B-A4B9-B38E5854BFBC}"
EndProject
Project("{9A19103F-16F7-4668-BE54-9A1E7A4F7556}") = "LessonTOP15_Array", "LessonTOP15_ARRAY\LessonTOP15_Array.csproj", "{5ACDAA22-41F4-4240-B8A4-A1DD5E87BC10}"
EndProject
Project("{9A19103F-16F7-4668-BE54-9A1E7A4F7556}") = "LessonTOP28_COLLECTION_STACK", "LessonTOP28_COLLECTION_STACK\LessonTOP28_COLLECTION_STACK.csproj", "{3D1428A2-2101-4A4E-995C-F0DDD1808EE9}"
EndProject
Project("{9A19103F-16F7-4668-BE54-9A1E7A4F7556}") = "LessonTOP16_ARRAY2", "LessonTOP16_ARRAY2\LessonTOP16_ARRAY2.csproj", "{3C25DBB7-E3F7-442D-A5B1-AF30B9027FCB}"
EndProject
Global
	GlobalSection(SolutionConfigurationPlatforms) = preSolution
		Debug|Any CPU = Debug|Any CPU
		Release|Any CPU = Release|Any CPU
	EndGlobalSection
	GlobalSection(ProjectConfigurationPlatforms) = postSolution
		{FA3F0663-8CBD-49D9-B8C6-65CC76062D56}.Debug|Any CPU.ActiveCfg = Debug|Any CPU
		{FA3F0663-8CBD-49D9-B8C6-65CC76062D56}.Debug|Any CPU.Build.0 = Debug|Any CPU
		{FA3F0663-8CBD-49D9-B8C6-65CC76062D56}.Release|Any CPU.ActiveCfg = Release|Any CPU
		{FA3F0663-8CBD-49D9-B8C6-65CC76062D56}.Release|Any CPU.Build.0 = Release|Any CPU
		{C8665E0D-B20A-4439-87CA-A3FFDA43FEBA}.Debug|Any CPU.ActiveCfg = Debug|Any CPU
		{C8665E0D-B20A-4439-87CA-A3FFDA43FEBA}.Debug|Any CPU.Build.0 = Debug|Any CPU
		{C8665E0D-B20A-4439-87CA-A3FFDA43FEBA}.Release|Any CPU.ActiveCfg = Release|Any CPU
		{C8665E0D-B20A-4439-87CA-A3FFDA43FEBA}.Release|Any CPU.Build.0 = Release|Any CPU
		{FCA41000-868F-4543-AD72-1932BAF85BBC}.Debug|Any CPU.ActiveCfg = Debug|Any CPU
		{FCA41000-868F-4543-AD72-1932BAF85BBC}.Debug|Any CPU.Build.0 = Debug|Any CPU
		{FCA41000-868F-4543-AD72-1932BAF85BBC}.Release|Any CPU.ActiveCfg = Release|Any CPU
		{FCA41000-868F-4543-AD72-1932BAF85BBC}.Release|Any CPU.Build.0 = Release|Any CPU
		{7E8E6ADC-70A2-4A90-85A8-E83BA973D74D}.Debug|Any CPU.ActiveCfg = Debug|Any CPU
		{7E8E6ADC-70A2-4A90-85A8-E83BA973D74D}.Debug|Any CPU.Build.0 = Debug|Any CPU
		{7E8E6ADC-70A2-4A90-85A8-E83BA973D74D}.Release|Any CPU.ActiveCfg = Release|Any CPU
		{7E8E6ADC-70A2-4A90-85A8-E83BA973D74D}.Release|Any CPU.Build.0 = Release|Any CPU
		{04441DC4-0242-43CE-AE39-0D4108354CF4}.Debug|Any CPU.ActiveCfg = Debug|Any CPU
		{04441DC4-0242-43CE-AE39-0D4108354CF4}.Debug|Any CPU.Build.0 = Debug|Any CPU
		{04441DC4-0242-43CE-AE39-0D4108354CF4}.Release|Any CPU.ActiveCfg = Release|Any CPU
		{04441DC4-0242-43CE-AE39-0D4108354CF4}.Release|Any CPU.Build.0 = Release|Any CPU
		{495EB961-606B-40F0-8FAF-7F3C420DE672}.Debug|Any CPU.ActiveCfg = Debug|Any CPU
		{495EB961-606B-40F0-8FAF-7F3C420DE672}.Debug|Any CPU.Build.0 = Debug|Any CPU
		{495EB961-606B-40F0-8FAF-7F3C420DE672}.Release|Any CPU.ActiveCfg = Release|Any CPU
		{495EB961-606B-40F0-8FAF-7F3C420DE672}.Release|Any CPU.Build.0 = Release|Any CPU
		{D7BCDFE9-5D10-4E85-ACEC-C5A90AA55D7D}.Debug|Any CPU.ActiveCfg = Debug|Any CPU
		{D7BCDFE9-5D10-4E85-ACEC-C5A90AA55D7D}.Debug|Any CPU.Build.0 = Debug|Any CPU
		{D7BCDFE9-5D10-4E85-ACEC-C5A90AA55D7D}.Release|Any CPU.ActiveCfg = Release|Any CPU
		{D7BCDFE9-5D10-4E85-ACEC-C5A90AA55D7D}.Release|Any CPU.Build.0 = Release|Any CPU
		{9D4B4B7E-1206-464A-9619-C642DCB5DCA7}.Debug|Any CPU.ActiveCfg = Debug|Any CPU
		{9D4B4B7E-1206-464A-9619-C642DCB5DCA7}.Debug|Any CPU.Build.0 = Debug|Any CPU
		{9D4B4B7E-1206-464A-9619-C642DCB5DCA7}.Release|Any CPU.ActiveCfg = Release|Any CPU
		{9D4B4B7E-1206-464A-9619-C642DCB5DCA7}.Release|Any CPU.Build.0 = Release|Any CPU
		{F6538E94-2823-4012-8394-98542B663F43}.Debug|Any CPU.ActiveCfg = Debug|Any CPU
		{F6538E94-2823-4012-8394-98542B663F43}.Debug|Any CPU.Build.0 = Debug|Any CPU
		{F6538E94-2823-4012-8394-98542B663F43}.Release|Any CPU.ActiveCfg = Release|Any CPU
		{F6538E94-2823-4012-8394-98542B663F43}.Release|Any CPU.Build.0 = Release|Any CPU
		{9912AFE7-D964-4DA3-8835-4477DA683590}.Debug|Any CPU.ActiveCfg = Debug|Any CPU
		{9912AFE7-D964-4DA3-8835-4477DA683590}.Debug|Any CPU.Build.0 = Debug|Any CPU
		{9912AFE7-D964-4DA3-8835-4477DA683590}.Release|Any CPU.ActiveCfg = Release|Any CPU
		{9912AFE7-D964-4DA3-8835-4477DA683590}.Release|Any CPU.Build.0 = Release|Any CPU
		{0BE7B2B0-8E04-4408-903F-F569043C47E9}.Debug|Any CPU.ActiveCfg = Debug|Any CPU
		{0BE7B2B0-8E04-4408-903F-F569043C47E9}.Debug|Any CPU.Build.0 = Debug|Any CPU
		{0BE7B2B0-8E04-4408-903F-F569043C47E9}.Release|Any CPU.ActiveCfg = Release|Any CPU
		{0BE7B2B0-8E04-4408-903F-F569043C47E9}.Release|Any CPU.Build.0 = Release|Any CPU
		{E57E1962-F86C-4D10-80A0-006B74370C8D}.Debug|Any CPU.ActiveCfg = Debug|Any CPU
		{E57E1962-F86C-4D10-80A0-006B74370C8D}.Debug|Any CPU.Build.0 = Debug|Any CPU
		{E57E1962-F86C-4D10-80A0-006B74370C8D}.Release|Any CPU.ActiveCfg = Release|Any CPU
		{E57E1962-F86C-4D10-80A0-006B74370C8D}.Release|Any CPU.Build.0 = Release|Any CPU
		{4F915500-EDE7-4679-A6FB-FC3501689F49}.Debug|Any CPU.ActiveCfg = Debug|Any CPU
		{4F915500-EDE7-4679-A6FB-FC3501689F49}.Debug|Any CPU.Build.0 = Debug|Any CPU
		{4F915500-EDE7-4679-A6FB-FC3501689F49}.Release|Any CPU.ActiveCfg = Release|Any CPU
		{4F915500-EDE7-4679-A6FB-FC3501689F49}.Release|Any CPU.Build.0 = Release|Any CPU
		{203628F4-F691-4687-8B97-C0572060795D}.Debug|Any CPU.ActiveCfg = Debug|Any CPU
		{203628F4-F691-4687-8B97-C0572060795D}.Debug|Any CPU.Build.0 = Debug|Any CPU
		{203628F4-F691-4687-8B97-C0572060795D}.Release|Any CPU.ActiveCfg = Release|Any CPU
		{203628F4-F691-4687-8B97-C0572060795D}.Release|Any CPU.Build.0 = Release|Any CPU
		{2BD88AAD-E6F7-42F4-94DE-A5A06CCD04C3}.Debug|Any CPU.ActiveCfg = Debug|Any CPU
		{2BD88AAD-E6F7-42F4-94DE-A5A06CCD04C3}.Debug|Any CPU.Build.0 = Debug|Any CPU
		{2BD88AAD-E6F7-42F4-94DE-A5A06CCD04C3}.Release|Any CPU.ActiveCfg = Release|Any CPU
		{2BD88AAD-E6F7-42F4-94DE-A5A06CCD04C3}.Release|Any CPU.Build.0 = Release|Any CPU
		{CB534FCF-61E9-4F03-A4C3-A5ABBAC04792}.Debug|Any CPU.ActiveCfg = Debug|Any CPU
		{CB534FCF-61E9-4F03-A4C3-A5ABBAC04792}.Debug|Any CPU.Build.0 = Debug|Any CPU
		{CB534FCF-61E9-4F03-A4C3-A5ABBAC04792}.Release|Any CPU.ActiveCfg = Release|Any CPU
		{CB534FCF-61E9-4F03-A4C3-A5ABBAC04792}.Release|Any CPU.Build.0 = Release|Any CPU
		{7601CF16-EAB2-44D1-BEA5-894CAF46CC54}.Debug|Any CPU.ActiveCfg = Debug|Any CPU
		{7601CF16-EAB2-44D1-BEA5-894CAF46CC54}.Debug|Any CPU.Build.0 = Debug|Any CPU
		{7601CF16-EAB2-44D1-BEA5-894CAF46CC54}.Release|Any CPU.ActiveCfg = Release|Any CPU
		{7601CF16-EAB2-44D1-BEA5-894CAF46CC54}.Release|Any CPU.Build.0 = Release|Any CPU
		{7F1936FD-F530-4A6D-B7C5-F01A6873797B}.Debug|Any CPU.ActiveCfg = Debug|Any CPU
		{7F1936FD-F530-4A6D-B7C5-F01A6873797B}.Debug|Any CPU.Build.0 = Debug|Any CPU
		{7F1936FD-F530-4A6D-B7C5-F01A6873797B}.Release|Any CPU.ActiveCfg = Release|Any CPU
		{7F1936FD-F530-4A6D-B7C5-F01A6873797B}.Release|Any CPU.Build.0 = Release|Any CPU
		{B4A35DA6-BE1B-4205-9E90-CA8BA3DCD7EE}.Debug|Any CPU.ActiveCfg = Debug|Any CPU
		{B4A35DA6-BE1B-4205-9E90-CA8BA3DCD7EE}.Debug|Any CPU.Build.0 = Debug|Any CPU
		{B4A35DA6-BE1B-4205-9E90-CA8BA3DCD7EE}.Release|Any CPU.ActiveCfg = Release|Any CPU
		{B4A35DA6-BE1B-4205-9E90-CA8BA3DCD7EE}.Release|Any CPU.Build.0 = Release|Any CPU
		{1C3404AD-33B5-43A6-8E82-636AA220B811}.Debug|Any CPU.ActiveCfg = Debug|Any CPU
		{1C3404AD-33B5-43A6-8E82-636AA220B811}.Debug|Any CPU.Build.0 = Debug|Any CPU
		{1C3404AD-33B5-43A6-8E82-636AA220B811}.Release|Any CPU.ActiveCfg = Release|Any CPU
		{1C3404AD-33B5-43A6-8E82-636AA220B811}.Release|Any CPU.Build.0 = Release|Any CPU
		{86FC49A5-A39C-45AE-840F-439109F6965E}.Debug|Any CPU.ActiveCfg = Debug|Any CPU
		{86FC49A5-A39C-45AE-840F-439109F6965E}.Debug|Any CPU.Build.0 = Debug|Any CPU
		{86FC49A5-A39C-45AE-840F-439109F6965E}.Release|Any CPU.ActiveCfg = Release|Any CPU
		{86FC49A5-A39C-45AE-840F-439109F6965E}.Release|Any CPU.Build.0 = Release|Any CPU
		{5AB108D4-853F-4E3C-B689-14FA69EDFF0B}.Debug|Any CPU.ActiveCfg = Debug|Any CPU
		{5AB108D4-853F-4E3C-B689-14FA69EDFF0B}.Debug|Any CPU.Build.0 = Debug|Any CPU
		{5AB108D4-853F-4E3C-B689-14FA69EDFF0B}.Release|Any CPU.ActiveCfg = Release|Any CPU
		{5AB108D4-853F-4E3C-B689-14FA69EDFF0B}.Release|Any CPU.Build.0 = Release|Any CPU
		{A4C9EAA4-8A56-466D-BEA2-6FB0E1B6CB0B}.Debug|Any CPU.ActiveCfg = Debug|Any CPU
		{A4C9EAA4-8A56-466D-BEA2-6FB0E1B6CB0B}.Debug|Any CPU.Build.0 = Debug|Any CPU
		{A4C9EAA4-8A56-466D-BEA2-6FB0E1B6CB0B}.Release|Any CPU.ActiveCfg = Release|Any CPU
		{A4C9EAA4-8A56-466D-BEA2-6FB0E1B6CB0B}.Release|Any CPU.Build.0 = Release|Any CPU
		{99256675-7B68-4EAD-93F1-740483B536A9}.Debug|Any CPU.ActiveCfg = Debug|Any CPU
		{99256675-7B68-4EAD-93F1-740483B536A9}.Debug|Any CPU.Build.0 = Debug|Any CPU
		{99256675-7B68-4EAD-93F1-740483B536A9}.Release|Any CPU.ActiveCfg = Release|Any CPU
		{99256675-7B68-4EAD-93F1-740483B536A9}.Release|Any CPU.Build.0 = Release|Any CPU
		{67594BE0-B4B4-4651-A7F3-41F580FF3AE5}.Debug|Any CPU.ActiveCfg = Debug|Any CPU
		{67594BE0-B4B4-4651-A7F3-41F580FF3AE5}.Debug|Any CPU.Build.0 = Debug|Any CPU
		{67594BE0-B4B4-4651-A7F3-41F580FF3AE5}.Release|Any CPU.ActiveCfg = Release|Any CPU
		{67594BE0-B4B4-4651-A7F3-41F580FF3AE5}.Release|Any CPU.Build.0 = Release|Any CPU
		{AC636240-FE63-40F4-9C71-0AE35178488C}.Debug|Any CPU.ActiveCfg = Debug|Any CPU
		{AC636240-FE63-40F4-9C71-0AE35178488C}.Debug|Any CPU.Build.0 = Debug|Any CPU
		{AC636240-FE63-40F4-9C71-0AE35178488C}.Release|Any CPU.ActiveCfg = Release|Any CPU
		{AC636240-FE63-40F4-9C71-0AE35178488C}.Release|Any CPU.Build.0 = Release|Any CPU
		{3B60A91C-E5B9-42E0-B731-54C94AE0BCC4}.Debug|Any CPU.ActiveCfg = Debug|Any CPU
		{3B60A91C-E5B9-42E0-B731-54C94AE0BCC4}.Debug|Any CPU.Build.0 = Debug|Any CPU
		{3B60A91C-E5B9-42E0-B731-54C94AE0BCC4}.Release|Any CPU.ActiveCfg = Release|Any CPU
		{3B60A91C-E5B9-42E0-B731-54C94AE0BCC4}.Release|Any CPU.Build.0 = Release|Any CPU
		{159AFCA1-7BA2-4BD8-BFA0-EFF0E2DA42DD}.Debug|Any CPU.ActiveCfg = Debug|Any CPU
		{159AFCA1-7BA2-4BD8-BFA0-EFF0E2DA42DD}.Debug|Any CPU.Build.0 = Debug|Any CPU
		{159AFCA1-7BA2-4BD8-BFA0-EFF0E2DA42DD}.Release|Any CPU.ActiveCfg = Release|Any CPU
		{159AFCA1-7BA2-4BD8-BFA0-EFF0E2DA42DD}.Release|Any CPU.Build.0 = Release|Any CPU
		{B6671725-0832-41C0-A032-5A8A7120919C}.Debug|Any CPU.ActiveCfg = Debug|Any CPU
		{B6671725-0832-41C0-A032-5A8A7120919C}.Debug|Any CPU.Build.0 = Debug|Any CPU
		{B6671725-0832-41C0-A032-5A8A7120919C}.Release|Any CPU.ActiveCfg = Release|Any CPU
		{B6671725-0832-41C0-A032-5A8A7120919C}.Release|Any CPU.Build.0 = Release|Any CPU
		{11D7B7D8-C905-4227-B064-DE2CD7F90E69}.Debug|Any CPU.ActiveCfg = Debug|Any CPU
		{11D7B7D8-C905-4227-B064-DE2CD7F90E69}.Debug|Any CPU.Build.0 = Debug|Any CPU
		{11D7B7D8-C905-4227-B064-DE2CD7F90E69}.Release|Any CPU.ActiveCfg = Release|Any CPU
		{11D7B7D8-C905-4227-B064-DE2CD7F90E69}.Release|Any CPU.Build.0 = Release|Any CPU
		{E0DE550C-F77A-4A2C-8BD4-5483F16BCBEC}.Debug|Any CPU.ActiveCfg = Debug|Any CPU
		{E0DE550C-F77A-4A2C-8BD4-5483F16BCBEC}.Debug|Any CPU.Build.0 = Debug|Any CPU
		{E0DE550C-F77A-4A2C-8BD4-5483F16BCBEC}.Release|Any CPU.ActiveCfg = Release|Any CPU
		{E0DE550C-F77A-4A2C-8BD4-5483F16BCBEC}.Release|Any CPU.Build.0 = Release|Any CPU
		{6281C56C-5269-40A5-8FD3-BDA8FC1DFD8C}.Debug|Any CPU.ActiveCfg = Debug|Any CPU
		{6281C56C-5269-40A5-8FD3-BDA8FC1DFD8C}.Debug|Any CPU.Build.0 = Debug|Any CPU
		{6281C56C-5269-40A5-8FD3-BDA8FC1DFD8C}.Release|Any CPU.ActiveCfg = Release|Any CPU
		{6281C56C-5269-40A5-8FD3-BDA8FC1DFD8C}.Release|Any CPU.Build.0 = Release|Any CPU
		{C2F1BCE2-8111-4759-8399-7A7398129FE2}.Debug|Any CPU.ActiveCfg = Debug|Any CPU
		{C2F1BCE2-8111-4759-8399-7A7398129FE2}.Debug|Any CPU.Build.0 = Debug|Any CPU
		{C2F1BCE2-8111-4759-8399-7A7398129FE2}.Release|Any CPU.ActiveCfg = Release|Any CPU
		{C2F1BCE2-8111-4759-8399-7A7398129FE2}.Release|Any CPU.Build.0 = Release|Any CPU
		{4169A67E-11B8-4EB7-98D3-DCF164874F51}.Debug|Any CPU.ActiveCfg = Debug|Any CPU
		{4169A67E-11B8-4EB7-98D3-DCF164874F51}.Debug|Any CPU.Build.0 = Debug|Any CPU
		{4169A67E-11B8-4EB7-98D3-DCF164874F51}.Release|Any CPU.ActiveCfg = Release|Any CPU
		{4169A67E-11B8-4EB7-98D3-DCF164874F51}.Release|Any CPU.Build.0 = Release|Any CPU
		{909F5948-D24A-4A4B-A4B9-B38E5854BFBC}.Debug|Any CPU.ActiveCfg = Debug|Any CPU
		{909F5948-D24A-4A4B-A4B9-B38E5854BFBC}.Debug|Any CPU.Build.0 = Debug|Any CPU
		{909F5948-D24A-4A4B-A4B9-B38E5854BFBC}.Release|Any CPU.ActiveCfg = Release|Any CPU
		{909F5948-D24A-4A4B-A4B9-B38E5854BFBC}.Release|Any CPU.Build.0 = Release|Any CPU
		{5ACDAA22-41F4-4240-B8A4-A1DD5E87BC10}.Debug|Any CPU.ActiveCfg = Debug|Any CPU
		{5ACDAA22-41F4-4240-B8A4-A1DD5E87BC10}.Debug|Any CPU.Build.0 = Debug|Any CPU
		{5ACDAA22-41F4-4240-B8A4-A1DD5E87BC10}.Release|Any CPU.ActiveCfg = Release|Any CPU
		{5ACDAA22-41F4-4240-B8A4-A1DD5E87BC10}.Release|Any CPU.Build.0 = Release|Any CPU
		{3D1428A2-2101-4A4E-995C-F0DDD1808EE9}.Debug|Any CPU.ActiveCfg = Debug|Any CPU
		{3D1428A2-2101-4A4E-995C-F0DDD1808EE9}.Debug|Any CPU.Build.0 = Debug|Any CPU
		{3D1428A2-2101-4A4E-995C-F0DDD1808EE9}.Release|Any CPU.ActiveCfg = Release|Any CPU
		{3D1428A2-2101-4A4E-995C-F0DDD1808EE9}.Release|Any CPU.Build.0 = Release|Any CPU
		{3C25DBB7-E3F7-442D-A5B1-AF30B9027FCB}.Debug|Any CPU.ActiveCfg = Debug|Any CPU
		{3C25DBB7-E3F7-442D-A5B1-AF30B9027FCB}.Debug|Any CPU.Build.0 = Debug|Any CPU
		{3C25DBB7-E3F7-442D-A5B1-AF30B9027FCB}.Release|Any CPU.ActiveCfg = Release|Any CPU
		{3C25DBB7-E3F7-442D-A5B1-AF30B9027FCB}.Release|Any CPU.Build.0 = Release|Any CPU
	EndGlobalSection
	GlobalSection(SolutionProperties) = preSolution
		HideSolutionNode = FALSE
	EndGlobalSection
	GlobalSection(ExtensibilityGlobals) = postSolution
		SolutionGuid = {82197428-2F25-4D6F-8AE6-29DD0134D9A5}
	EndGlobalSection
EndGlobal
