
Microsoft Visual Studio Solution File, Format Version 12.00
# Visual Studio Version 17
VisualStudioVersion = 17.5.002.0
MinimumVisualStudioVersion = 10.0.40219.1
Project("{9A19103F-16F7-4668-BE54-9A1E7A4F7556}") = "Project_MVC_BookShop", "Project_MVC_BookShop.csproj", "{CADE4D45-3E5D-43AF-A0D2-2A36463A3996}"
EndProject
Global
	GlobalSection(SolutionConfigurationPlatforms) = preSolution
		Debug|Any CPU = Debug|Any CPU
		Release|Any CPU = Release|Any CPU
	EndGlobalSection
	GlobalSection(ProjectConfigurationPlatforms) = postSolution
		{CADE4D45-3E5D-43AF-A0D2-2A36463A3996}.Debug|Any CPU.ActiveCfg = Debug|Any CPU
		{CADE4D45-3E5D-43AF-A0D2-2A36463A3996}.Debug|Any CPU.Build.0 = Debug|Any CPU
		{CADE4D45-3E5D-43AF-A0D2-2A36463A3996}.Release|Any CPU.ActiveCfg = Release|Any CPU
		{CADE4D45-3E5D-43AF-A0D2-2A36463A3996}.Release|Any CPU.Build.0 = Release|Any CPU
	EndGlobalSection
	GlobalSection(SolutionProperties) = preSolution
		HideSolutionNode = FALSE
	EndGlobalSection
	GlobalSection(ExtensibilityGlobals) = postSolution
		SolutionGuid = {4E6DD8CE-1ACF-412E-9EB1-A1DF72DB07AB}
	EndGlobalSection
EndGlobal
